// !$*UTF8*$!
{
	archiveVersion = 1;
	classes = {
	};
	objectVersion = 51;
	objects = {

/* Begin PBXBuildFile section */
		79345D6C7D839ACC9B552D9E /* Pods_nibm_cafe.framework in Frameworks */ = {isa = PBXBuildFile; fileRef = 95F6E9A48FC1424FBD99B737 /* Pods_nibm_cafe.framework */; };
		9D0287EC25EC8C2400EF835E /* AppDelegate.swift in Sources */ = {isa = PBXBuildFile; fileRef = 9D0287EB25EC8C2400EF835E /* AppDelegate.swift */; };
		9D0287EE25EC8C2400EF835E /* SceneDelegate.swift in Sources */ = {isa = PBXBuildFile; fileRef = 9D0287ED25EC8C2400EF835E /* SceneDelegate.swift */; };
		9D0287F025EC8C2400EF835E /* regcontrol.swift in Sources */ = {isa = PBXBuildFile; fileRef = 9D0287EF25EC8C2400EF835E /* regcontrol.swift */; };
		9D0287F325EC8C2400EF835E /* Main.storyboard in Resources */ = {isa = PBXBuildFile; fileRef = 9D0287F125EC8C2400EF835E /* Main.storyboard */; };
		9D0287F525EC8C2400EF835E /* Assets.xcassets in Resources */ = {isa = PBXBuildFile; fileRef = 9D0287F425EC8C2400EF835E /* Assets.xcassets */; };
		9D0287F825EC8C2400EF835E /* LaunchScreen.storyboard in Resources */ = {isa = PBXBuildFile; fileRef = 9D0287F625EC8C2400EF835E /* LaunchScreen.storyboard */; };
		9D5EC5C625F4B1B000C88A5A /* GoogleService-Info.plist in Resources */ = {isa = PBXBuildFile; fileRef = 9D5EC5C525F4B1B000C88A5A /* GoogleService-Info.plist */; };
		9DB39F3025ECE25900960C57 /* logcontrol.swift in Sources */ = {isa = PBXBuildFile; fileRef = 9DB39F2F25ECE25900960C57 /* logcontrol.swift */; };
		9DB39F3325ECF20700960C57 /* homeController.swift in Sources */ = {isa = PBXBuildFile; fileRef = 9DB39F3225ECF20700960C57 /* homeController.swift */; };
		9DE87AA925EF5C5900165F69 /* detailwithfood.swift in Sources */ = {isa = PBXBuildFile; fileRef = 9DE87AA825EF5C5900165F69 /* detailwithfood.swift */; };
		9DFC8EDE25EE0078004031FF /* foodsec.swift in Sources */ = {isa = PBXBuildFile; fileRef = 9DFC8EDD25EE0078004031FF /* foodsec.swift */; };
		9DFC8EE225EE1C20004031FF /* fooddetails.swift in Sources */ = {isa = PBXBuildFile; fileRef = 9DFC8EE125EE1C20004031FF /* fooddetails.swift */; };
		9DFC8EE625EE24CF004031FF /* tablecell.swift in Sources */ = {isa = PBXBuildFile; fileRef = 9DFC8EE525EE24CF004031FF /* tablecell.swift */; };
/* End PBXBuildFile section */

/* Begin PBXFileReference section */
		761F42043E287C1E874F9462 /* Pods-nibm cafe.release.xcconfig */ = {isa = PBXFileReference; includeInIndex = 1; lastKnownFileType = text.xcconfig; name = "Pods-nibm cafe.release.xcconfig"; path = "Target Support Files/Pods-nibm cafe/Pods-nibm cafe.release.xcconfig"; sourceTree = "<group>"; };
		82D7292F6FAFB2F20649BA37 /* Pods-nibm cafe.debug.xcconfig */ = {isa = PBXFileReference; includeInIndex = 1; lastKnownFileType = text.xcconfig; name = "Pods-nibm cafe.debug.xcconfig"; path = "Target Support Files/Pods-nibm cafe/Pods-nibm cafe.debug.xcconfig"; sourceTree = "<group>"; };
		95F6E9A48FC1424FBD99B737 /* Pods_nibm_cafe.framework */ = {isa = PBXFileReference; explicitFileType = wrapper.framework; includeInIndex = 0; path = Pods_nibm_cafe.framework; sourceTree = BUILT_PRODUCTS_DIR; };
		9D0287E825EC8C2400EF835E /* nibm cafe.app */ = {isa = PBXFileReference; explicitFileType = wrapper.application; includeInIndex = 0; path = "nibm cafe.app"; sourceTree = BUILT_PRODUCTS_DIR; };
		9D0287EB25EC8C2400EF835E /* AppDelegate.swift */ = {isa = PBXFileReference; lastKnownFileType = sourcecode.swift; path = AppDelegate.swift; sourceTree = "<group>"; };
		9D0287ED25EC8C2400EF835E /* SceneDelegate.swift */ = {isa = PBXFileReference; lastKnownFileType = sourcecode.swift; path = SceneDelegate.swift; sourceTree = "<group>"; };
		9D0287EF25EC8C2400EF835E /* regcontrol.swift */ = {isa = PBXFileReference; lastKnownFileType = sourcecode.swift; path = regcontrol.swift; sourceTree = "<group>"; };
		9D0287F225EC8C2400EF835E /* Base */ = {isa = PBXFileReference; lastKnownFileType = file.storyboard; name = Base; path = Base.lproj/Main.storyboard; sourceTree = "<group>"; };
		9D0287F425EC8C2400EF835E /* Assets.xcassets */ = {isa = PBXFileReference; lastKnownFileType = folder.assetcatalog; path = Assets.xcassets; sourceTree = "<group>"; };
		9D0287F725EC8C2400EF835E /* Base */ = {isa = PBXFileReference; lastKnownFileType = file.storyboard; name = Base; path = Base.lproj/LaunchScreen.storyboard; sourceTree = "<group>"; };
		9D0287F925EC8C2400EF835E /* Info.plist */ = {isa = PBXFileReference; lastKnownFileType = text.plist.xml; path = Info.plist; sourceTree = "<group>"; };
		9D5EC5C525F4B1B000C88A5A /* GoogleService-Info.plist */ = {isa = PBXFileReference; fileEncoding = 4; lastKnownFileType = text.plist.xml; path = "GoogleService-Info.plist"; sourceTree = "<group>"; };
		9DB39F2F25ECE25900960C57 /* logcontrol.swift */ = {isa = PBXFileReference; lastKnownFileType = sourcecode.swift; path = logcontrol.swift; sourceTree = "<group>"; };
		9DB39F3225ECF20700960C57 /* homeController.swift */ = {isa = PBXFileReference; lastKnownFileType = sourcecode.swift; path = homeController.swift; sourceTree = "<group>"; };
		9DE87AA825EF5C5900165F69 /* detailwithfood.swift */ = {isa = PBXFileReference; lastKnownFileType = sourcecode.swift; path = detailwithfood.swift; sourceTree = "<group>"; };
		9DFC8EDD25EE0078004031FF /* foodsec.swift */ = {isa = PBXFileReference; lastKnownFileType = sourcecode.swift; path = foodsec.swift; sourceTree = "<group>"; };
		9DFC8EE125EE1C20004031FF /* fooddetails.swift */ = {isa = PBXFileReference; lastKnownFileType = sourcecode.swift; path = fooddetails.swift; sourceTree = "<group>"; };
		9DFC8EE525EE24CF004031FF /* tablecell.swift */ = {isa = PBXFileReference; lastKnownFileType = sourcecode.swift; path = tablecell.swift; sourceTree = "<group>"; };
/* End PBXFileReference section */

/* Begin PBXFrameworksBuildPhase section */
		9D0287E525EC8C2400EF835E /* Frameworks */ = {
			isa = PBXFrameworksBuildPhase;
			buildActionMask = 2147483647;
			files = (
				79345D6C7D839ACC9B552D9E /* Pods_nibm_cafe.framework in Frameworks */,
			);
			runOnlyForDeploymentPostprocessing = 0;
		};
/* End PBXFrameworksBuildPhase section */

/* Begin PBXGroup section */
		71B3FD501F142071106532F1 /* Frameworks */ = {
			isa = PBXGroup;
			children = (
				95F6E9A48FC1424FBD99B737 /* Pods_nibm_cafe.framework */,
			);
			name = Frameworks;
			sourceTree = "<group>";
		};
		9D0287DF25EC8C2400EF835E = {
			isa = PBXGroup;
			children = (
				9D0287EA25EC8C2400EF835E /* nibm cafe */,
				9D0287E925EC8C2400EF835E /* Products */,
				71B3FD501F142071106532F1 /* Frameworks */,
				CA200B9504A89BAAC104B028 /* Pods */,
			);
			sourceTree = "<group>";
		};
		9D0287E925EC8C2400EF835E /* Products */ = {
			isa = PBXGroup;
			children = (
				9D0287E825EC8C2400EF835E /* nibm cafe.app */,
			);
			name = Products;
			sourceTree = "<group>";
		};
		9D0287EA25EC8C2400EF835E /* nibm cafe */ = {
			isa = PBXGroup;
			children = (
				9DFC8EE125EE1C20004031FF /* fooddetails.swift */,
				9D0287EF25EC8C2400EF835E /* regcontrol.swift */,
				9DB39F2F25ECE25900960C57 /* logcontrol.swift */,
				9DB39F3225ECF20700960C57 /* homeController.swift */,
				9DFC8EDD25EE0078004031FF /* foodsec.swift */,
				9DFC8EE525EE24CF004031FF /* tablecell.swift */,
				9DE87AA825EF5C5900165F69 /* detailwithfood.swift */,
				9D0287EB25EC8C2400EF835E /* AppDelegate.swift */,
				9D0287ED25EC8C2400EF835E /* SceneDelegate.swift */,
				9D0287F125EC8C2400EF835E /* Main.storyboard */,
				9D0287F425EC8C2400EF835E /* Assets.xcassets */,
				9D0287F625EC8C2400EF835E /* LaunchScreen.storyboard */,
				9D0287F925EC8C2400EF835E /* Info.plist */,
				9D5EC5C525F4B1B000C88A5A /* GoogleService-Info.plist */,
			);
			path = "nibm cafe";
			sourceTree = "<group>";
		};
		CA200B9504A89BAAC104B028 /* Pods */ = {
			isa = PBXGroup;
			children = (
				82D7292F6FAFB2F20649BA37 /* Pods-nibm cafe.debug.xcconfig */,
				761F42043E287C1E874F9462 /* Pods-nibm cafe.release.xcconfig */,
			);
			path = Pods;
			sourceTree = "<group>";
		};
/* End PBXGroup section */

/* Begin PBXNativeTarget section */
		9D0287E725EC8C2400EF835E /* nibm cafe */ = {
			isa = PBXNativeTarget;
			buildConfigurationList = 9D0287FC25EC8C2400EF835E /* Build configuration list for PBXNativeTarget "nibm cafe" */;
			buildPhases = (
				7872461DF22F9896B89EFB84 /* [CP] Check Pods Manifest.lock */,
				9D0287E425EC8C2400EF835E /* Sources */,
				9D0287E525EC8C2400EF835E /* Frameworks */,
				9D0287E625EC8C2400EF835E /* Resources */,
				322D61C788B640EB8EAE4461 /* [CP] Embed Pods Frameworks */,
			);
			buildRules = (
			);
			dependencies = (
			);
			name = "nibm cafe";
			productName = "nibm cafe";
			productReference = 9D0287E825EC8C2400EF835E /* nibm cafe.app */;
			productType = "com.apple.product-type.application";
		};
/* End PBXNativeTarget section */

/* Begin PBXProject section */
		9D0287E025EC8C2400EF835E /* Project object */ = {
			isa = PBXProject;
			attributes = {
				LastSwiftUpdateCheck = 1230;
				LastUpgradeCheck = 1230;
				TargetAttributes = {
					9D0287E725EC8C2400EF835E = {
						CreatedOnToolsVersion = 12.3;
					};
				};
			};
			buildConfigurationList = 9D0287E325EC8C2400EF835E /* Build configuration list for PBXProject "nibm cafe" */;
			compatibilityVersion = "Xcode 9.3";
			developmentRegion = en;
			hasScannedForEncodings = 0;
			knownRegions = (
				en,
				Base,
			);
			mainGroup = 9D0287DF25EC8C2400EF835E;
			productRefGroup = 9D0287E925EC8C2400EF835E /* Products */;
			projectDirPath = "";
			projectRoot = "";
			targets = (
				9D0287E725EC8C2400EF835E /* nibm cafe */,
			);
		};
/* End PBXProject section */

/* Begin PBXResourcesBuildPhase section */
		9D0287E625EC8C2400EF835E /* Resources */ = {
			isa = PBXResourcesBuildPhase;
			buildActionMask = 2147483647;
			files = (
				9D0287F825EC8C2400EF835E /* LaunchScreen.storyboard in Resources */,
				9D5EC5C625F4B1B000C88A5A /* GoogleService-Info.plist in Resources */,
				9D0287F525EC8C2400EF835E /* Assets.xcassets in Resources */,
				9D0287F325EC8C2400EF835E /* Main.storyboard in Resources */,
			);
			runOnlyForDeploymentPostprocessing = 0;
		};
/* End PBXResourcesBuildPhase section */

/* Begin PBXShellScriptBuildPhase section */
		322D61C788B640EB8EAE4461 /* [CP] Embed Pods Frameworks */ = {
			isa = PBXShellScriptBuildPhase;
			buildActionMask = 2147483647;
			files = (
			);
			inputFileListPaths = (
				"${PODS_ROOT}/Target Support Files/Pods-nibm cafe/Pods-nibm cafe-frameworks-${CONFIGURATION}-input-files.xcfilelist",
			);
			name = "[CP] Embed Pods Frameworks";
			outputFileListPaths = (
				"${PODS_ROOT}/Target Support Files/Pods-nibm cafe/Pods-nibm cafe-frameworks-${CONFIGURATION}-output-files.xcfilelist",
			);
			runOnlyForDeploymentPostprocessing = 0;
			shellPath = /bin/sh;
			shellScript = "\"${PODS_ROOT}/Target Support Files/Pods-nibm cafe/Pods-nibm cafe-frameworks.sh\"\n";
			showEnvVarsInLog = 0;
		};
		7872461DF22F9896B89EFB84 /* [CP] Check Pods Manifest.lock */ = {
			isa = PBXShellScriptBuildPhase;
			buildActionMask = 2147483647;
			files = (
			);
			inputFileListPaths = (
			);
			inputPaths = (
				"${PODS_PODFILE_DIR_PATH}/Podfile.lock",
				"${PODS_ROOT}/Manifest.lock",
			);
			name = "[CP] Check Pods Manifest.lock";
			outputFileListPaths = (
			);
			outputPaths = (
				"$(DERIVED_FILE_DIR)/Pods-nibm cafe-checkManifestLockResult.txt",
			);
			runOnlyForDeploymentPostprocessing = 0;
			shellPath = /bin/sh;
			shellScript = "diff \"${PODS_PODFILE_DIR_PATH}/Podfile.lock\" \"${PODS_ROOT}/Manifest.lock\" > /dev/null\nif [ $? != 0 ] ; then\n    # print error to STDERR\n    echo \"error: The sandbox is not in sync with the Podfile.lock. Run 'pod install' or update your CocoaPods installation.\" >&2\n    exit 1\nfi\n# This output is used by Xcode 'outputs' to avoid re-running this script phase.\necho \"SUCCESS\" > \"${SCRIPT_OUTPUT_FILE_0}\"\n";
			showEnvVarsInLog = 0;
		};
/* End PBXShellScriptBuildPhase section */

/* Begin PBXSourcesBuildPhase section */
		9D0287E425EC8C2400EF835E /* Sources */ = {
			isa = PBXSourcesBuildPhase;
			buildActionMask = 2147483647;
			files = (
				9DFC8EE625EE24CF004031FF /* tablecell.swift in Sources */,
				9D0287F025EC8C2400EF835E /* regcontrol.swift in Sources */,
				9DFC8EDE25EE0078004031FF /* foodsec.swift in Sources */,
				9D0287EC25EC8C2400EF835E /* AppDelegate.swift in Sources */,
				9DB39F3025ECE25900960C57 /* logcontrol.swift in Sources */,
				9DFC8EE225EE1C20004031FF /* fooddetails.swift in Sources */,
				9D0287EE25EC8C2400EF835E /* SceneDelegate.swift in Sources */,
				9DB39F3325ECF20700960C57 /* homeController.swift in Sources */,
				9DE87AA925EF5C5900165F69 /* detailwithfood.swift in Sources */,
			);
			runOnlyForDeploymentPostprocessing = 0;
		};
/* End PBXSourcesBuildPhase section */

/* Begin PBXVariantGroup section */
		9D0287F125EC8C2400EF835E /* Main.storyboard */ = {
			isa = PBXVariantGroup;
			children = (
				9D0287F225EC8C2400EF835E /* Base */,
			);
			name = Main.storyboard;
			sourceTree = "<group>";
		};
		9D0287F625EC8C2400EF835E /* LaunchScreen.storyboard */ = {
			isa = PBXVariantGroup;
			children = (
				9D0287F725EC8C2400EF835E /* Base */,
			);
			name = LaunchScreen.storyboard;
			sourceTree = "<group>";
		};
/* End PBXVariantGroup section */

/* Begin XCBuildConfiguration section */
		9D0287FA25EC8C2400EF835E /* Debug */ = {
			isa = XCBuildConfiguration;
			buildSettings = {
				ALWAYS_SEARCH_USER_PATHS = NO;
				CLANG_ANALYZER_NONNULL = YES;
				CLANG_ANALYZER_NUMBER_OBJECT_CONVERSION = YES_AGGRESSIVE;
				CLANG_CXX_LANGUAGE_STANDARD = "gnu++14";
				CLANG_CXX_LIBRARY = "libc++";
				CLANG_ENABLE_MODULES = YES;
				CLANG_ENABLE_OBJC_ARC = YES;
				CLANG_ENABLE_OBJC_WEAK = YES;
				CLANG_WARN_BLOCK_CAPTURE_AUTORELEASING = YES;
				CLANG_WARN_BOOL_CONVERSION = YES;
				CLANG_WARN_COMMA = YES;
				CLANG_WARN_CONSTANT_CONVERSION = YES;
				CLANG_WARN_DEPRECATED_OBJC_IMPLEMENTATIONS = YES;
				CLANG_WARN_DIRECT_OBJC_ISA_USAGE = YES_ERROR;
				CLANG_WARN_DOCUMENTATION_COMMENTS = YES;
				CLANG_WARN_EMPTY_BODY = YES;
				CLANG_WARN_ENUM_CONVERSION = YES;
				CLANG_WARN_INFINITE_RECURSION = YES;
				CLANG_WARN_INT_CONVERSION = YES;
				CLANG_WARN_NON_LITERAL_NULL_CONVERSION = YES;
				CLANG_WARN_OBJC_IMPLICIT_RETAIN_SELF = YES;
				CLANG_WARN_OBJC_LITERAL_CONVERSION = YES;
				CLANG_WARN_OBJC_ROOT_CLASS = YES_ERROR;
				CLANG_WARN_QUOTED_INCLUDE_IN_FRAMEWORK_HEADER = YES;
				CLANG_WARN_RANGE_LOOP_ANALYSIS = YES;
				CLANG_WARN_STRICT_PROTOTYPES = YES;
				CLANG_WARN_SUSPICIOUS_MOVE = YES;
				CLANG_WARN_UNGUARDED_AVAILABILITY = YES_AGGRESSIVE;
				CLANG_WARN_UNREACHABLE_CODE = YES;
				CLANG_WARN__DUPLICATE_METHOD_MATCH = YES;
				COPY_PHASE_STRIP = NO;
				DEBUG_INFORMATION_FORMAT = dwarf;
				ENABLE_STRICT_OBJC_MSGSEND = YES;
				ENABLE_TESTABILITY = YES;
				GCC_C_LANGUAGE_STANDARD = gnu11;
				GCC_DYNAMIC_NO_PIC = NO;
				GCC_NO_COMMON_BLOCKS = YES;
				GCC_OPTIMIZATION_LEVEL = 0;
				GCC_PREPROCESSOR_DEFINITIONS = (
					"DEBUG=1",
					"$(inherited)",
				);
				GCC_WARN_64_TO_32_BIT_CONVERSION = YES;
				GCC_WARN_ABOUT_RETURN_TYPE = YES_ERROR;
				GCC_WARN_UNDECLARED_SELECTOR = YES;
				GCC_WARN_UNINITIALIZED_AUTOS = YES_AGGRESSIVE;
				GCC_WARN_UNUSED_FUNCTION = YES;
				GCC_WARN_UNUSED_VARIABLE = YES;
				IPHONEOS_DEPLOYMENT_TARGET = 14.3;
				MTL_ENABLE_DEBUG_INFO = INCLUDE_SOURCE;
				MTL_FAST_MATH = YES;
				ONLY_ACTIVE_ARCH = YES;
				SDKROOT = iphoneos;
				SWIFT_ACTIVE_COMPILATION_CONDITIONS = DEBUG;
				SWIFT_OPTIMIZATION_LEVEL = "-Onone";
			};
			name = Debug;
		};
		9D0287FB25EC8C2400EF835E /* Release */ = {
			isa = XCBuildConfiguration;
			buildSettings = {
				ALWAYS_SEARCH_USER_PATHS = NO;
				CLANG_ANALYZER_NONNULL = YES;
				CLANG_ANALYZER_NUMBER_OBJECT_CONVERSION = YES_AGGRESSIVE;
				CLANG_CXX_LANGUAGE_STANDARD = "gnu++14";
				CLANG_CXX_LIBRARY = "libc++";
				CLANG_ENABLE_MODULES = YES;
				CLANG_ENABLE_OBJC_ARC = YES;
				CLANG_ENABLE_OBJC_WEAK = YES;
				CLANG_WARN_BLOCK_CAPTURE_AUTORELEASING = YES;
				CLANG_WARN_BOOL_CONVERSION = YES;
				CLANG_WARN_COMMA = YES;
				CLANG_WARN_CONSTANT_CONVERSION = YES;
				CLANG_WARN_DEPRECATED_OBJC_IMPLEMENTATIONS = YES;
				CLANG_WARN_DIRECT_OBJC_ISA_USAGE = YES_ERROR;
				CLANG_WARN_DOCUMENTATION_COMMENTS = YES;
				CLANG_WARN_EMPTY_BODY = YES;
				CLANG_WARN_ENUM_CONVERSION = YES;
				CLANG_WARN_INFINITE_RECURSION = YES;
				CLANG_WARN_INT_CONVERSION = YES;
				CLANG_WARN_NON_LITERAL_NULL_CONVERSION = YES;
				CLANG_WARN_OBJC_IMPLICIT_RETAIN_SELF = YES;
				CLANG_WARN_OBJC_LITERAL_CONVERSION = YES;
				CLANG_WARN_OBJC_ROOT_CLASS = YES_ERROR;
				CLANG_WARN_QUOTED_INCLUDE_IN_FRAMEWORK_HEADER = YES;
				CLANG_WARN_RANGE_LOOP_ANALYSIS = YES;
				CLANG_WARN_STRICT_PROTOTYPES = YES;
				CLANG_WARN_SUSPICIOUS_MOVE = YES;
				CLANG_WARN_UNGUARDED_AVAILABILITY = YES_AGGRESSIVE;
				CLANG_WARN_UNREACHABLE_CODE = YES;
				CLANG_WARN__DUPLICATE_METHOD_MATCH = YES;
				COPY_PHASE_STRIP = NO;
				DEBUG_INFORMATION_FORMAT = "dwarf-with-dsym";
				ENABLE_NS_ASSERTIONS = NO;
				ENABLE_STRICT_OBJC_MSGSEND = YES;
				GCC_C_LANGUAGE_STANDARD = gnu11;
				GCC_NO_COMMON_BLOCKS = YES;
				GCC_WARN_64_TO_32_BIT_CONVERSION = YES;
				GCC_WARN_ABOUT_RETURN_TYPE = YES_ERROR;
				GCC_WARN_UNDECLARED_SELECTOR = YES;
				GCC_WARN_UNINITIALIZED_AUTOS = YES_AGGRESSIVE;
				GCC_WARN_UNUSED_FUNCTION = YES;
				GCC_WARN_UNUSED_VARIABLE = YES;
				IPHONEOS_DEPLOYMENT_TARGET = 14.3;
				MTL_ENABLE_DEBUG_INFO = NO;
				MTL_FAST_MATH = YES;
				SDKROOT = iphoneos;
				SWIFT_COMPILATION_MODE = wholemodule;
				SWIFT_OPTIMIZATION_LEVEL = "-O";
				VALIDATE_PRODUCT = YES;
			};
			name = Release;
		};
		9D0287FD25EC8C2400EF835E /* Debug */ = {
			isa = XCBuildConfiguration;
			baseConfigurationReference = 82D7292F6FAFB2F20649BA37 /* Pods-nibm cafe.debug.xcconfig */;
			buildSettings = {
				ASSETCATALOG_COMPILER_APPICON_NAME = AppIcon;
				ASSETCATALOG_COMPILER_GLOBAL_ACCENT_COLOR_NAME = AccentColor;
				CODE_SIGN_STYLE = Automatic;
				INFOPLIST_FILE = "nibm cafe/Info.plist";
				LD_RUNPATH_SEARCH_PATHS = (
					"$(inherited)",
					"@executable_path/Frameworks",
				);
				PRODUCT_BUNDLE_IDENTIFIER = "niroshan123.nibm-cafe";
				PRODUCT_NAME = "$(TARGET_NAME)";
				SWIFT_VERSION = 5.0;
				TARGETED_DEVICE_FAMILY = "1,2";
			};
			name = Debug;
		};
		9D0287FE25EC8C2400EF835E /* Release */ = {
			isa = XCBuildConfiguration;
			baseConfigurationReference = 761F42043E287C1E874F9462 /* Pods-nibm cafe.release.xcconfig */;
			buildSettings = {
				ASSETCATALOG_COMPILER_APPICON_NAME = AppIcon;
				ASSETCATALOG_COMPILER_GLOBAL_ACCENT_COLOR_NAME = AccentColor;
				CODE_SIGN_STYLE = Automatic;
				INFOPLIST_FILE = "nibm cafe/Info.plist";
				LD_RUNPATH_SEARCH_PATHS = (
					"$(inherited)",
					"@executable_path/Frameworks",
				);
				PRODUCT_BUNDLE_IDENTIFIER = "niroshan123.nibm-cafe";
				PRODUCT_NAME = "$(TARGET_NAME)";
				SWIFT_VERSION = 5.0;
				TARGETED_DEVICE_FAMILY = "1,2";
			};
			name = Release;
		};
/* End XCBuildConfiguration section */

/* Begin XCConfigurationList section */
		9D0287E325EC8C2400EF835E /* Build configuration list for PBXProject "nibm cafe" */ = {
			isa = XCConfigurationList;
			buildConfigurations = (
				9D0287FA25EC8C2400EF835E /* Debug */,
				9D0287FB25EC8C2400EF835E /* Release */,
			);
			defaultConfigurationIsVisible = 0;
			defaultConfigurationName = Release;
		};
		9D0287FC25EC8C2400EF835E /* Build configuration list for PBXNativeTarget "nibm cafe" */ = {
			isa = XCConfigurationList;
			buildConfigurations = (
				9D0287FD25EC8C2400EF835E /* Debug */,
				9D0287FE25EC8C2400EF835E /* Release */,
			);
			defaultConfigurationIsVisible = 0;
			defaultConfigurationName = Release;
		};
/* End XCConfigurationList section */
	};
	rootObject = 9D0287E025EC8C2400EF835E /* Project object */;
}
